
Microsoft Visual Studio Solution File, Format Version 12.00
# Visual Studio Version 16
VisualStudioVersion = 16.0.28803.156
MinimumVisualStudioVersion = 10.0.40219.1
Project("{FAE04EC0-301F-11D3-BF4B-00C04F79EFBC}") = "FileHerlper", "FileHerlper\FileHerlper.csproj", "{604289D4-7017-44CE-B2DD-2CF31DF996B0}"
EndProject
Global
	GlobalSection(SolutionConfigurationPlatforms) = preSolution
		Debug|Any CPU = Debug|Any CPU
		Release|Any CPU = Release|Any CPU
	EndGlobalSection
	GlobalSection(ProjectConfigurationPlatforms) = postSolution
		{604289D4-7017-44CE-B2DD-2CF31DF996B0}.Debug|Any CPU.ActiveCfg = Debug|Any CPU
		{604289D4-7017-44CE-B2DD-2CF31DF996B0}.Debug|Any CPU.Build.0 = Debug|Any CPU
		{604289D4-7017-44CE-B2DD-2CF31DF996B0}.Release|Any CPU.ActiveCfg = Release|Any CPU
		{604289D4-7017-44CE-B2DD-2CF31DF996B0}.Release|Any CPU.Build.0 = Release|Any CPU
	EndGlobalSection
	GlobalSection(SolutionProperties) = preSolution
		HideSolutionNode = FALSE
	EndGlobalSection
	GlobalSection(ExtensibilityGlobals) = postSolution
		SolutionGuid = {453E6DA7-9678-408C-8873-43A919A18F90}
	EndGlobalSection
EndGlobal
